{
  "projects": [
    {
      "projectId": "i1R9JuZcEVnjtzkqUFoFHH",
      "version": "latest",
      "dependencies": {},
      "lang": "js",
      "fileLocks": [
        {
          "type": "globalVariant",
          "assetId": "-mcpPnd-YLKly8",
          "checksum": "cb5e904d129369175134cb18de33e52e"
        },
        {
          "assetId": "i1R9JuZcEVnjtzkqUFoFHH",
          "type": "projectCss",
          "checksum": "bc13c4e4c302fededacd262f2daa0d29"
        },
        {
          "type": "renderModule",
          "assetId": "nIoQ2wNPPkVmW",
          "checksum": "40733e741b6e450fd8129ce5441d8117"
        },
        {
          "type": "cssRules",
          "assetId": "nIoQ2wNPPkVmW",
          "checksum": "40733e741b6e450fd8129ce5441d8117"
        },
        {
          "type": "renderModule",
          "assetId": "2Nr5Rrft_Bo0Gx",
          "checksum": "6205cb1e5419ce7057bbbd35378c1de8"
        },
        {
          "type": "cssRules",
          "assetId": "2Nr5Rrft_Bo0Gx",
          "checksum": "6205cb1e5419ce7057bbbd35378c1de8"
        },
        {
          "type": "renderModule",
          "assetId": "VA6dWVSHWgl0Bj",
          "checksum": "bd4c4cb2f22219bfd1894f7f85361e8a"
        },
        {
          "type": "cssRules",
          "assetId": "VA6dWVSHWgl0Bj",
          "checksum": "bd4c4cb2f22219bfd1894f7f85361e8a"
        },
        {
          "type": "renderModule",
          "assetId": "uS1uLwuSb3ygBY",
          "checksum": "8616e0d033ab267e5710b389c01be5bf"
        },
        {
          "type": "cssRules",
          "assetId": "uS1uLwuSb3ygBY",
          "checksum": "8616e0d033ab267e5710b389c01be5bf"
        },
        {
          "type": "renderModule",
          "assetId": "P_arPT46Us9VtF",
          "checksum": "df9ea1a5bbd795a49228cd0c1e110463"
        },
        {
          "type": "cssRules",
          "assetId": "P_arPT46Us9VtF",
          "checksum": "df9ea1a5bbd795a49228cd0c1e110463"
        },
        {
          "type": "renderModule",
          "assetId": "VgmxWXQKoqVq_F",
          "checksum": "8c42463ef8a2f92c1791e3cbaba96b68"
        },
        {
          "type": "cssRules",
          "assetId": "VgmxWXQKoqVq_F",
          "checksum": "8c42463ef8a2f92c1791e3cbaba96b68"
        },
        {
          "type": "renderModule",
          "assetId": "VP6O7ilIkb2hnk",
          "checksum": "6d059d10765ba3e4043c49d68dc16b05"
        },
        {
          "type": "cssRules",
          "assetId": "VP6O7ilIkb2hnk",
          "checksum": "6d059d10765ba3e4043c49d68dc16b05"
        },
        {
          "type": "renderModule",
          "assetId": "zGpkCZIp5VnooD",
          "checksum": "998312b30cf3d3eab596951c1cdb29a1"
        },
        {
          "type": "cssRules",
          "assetId": "zGpkCZIp5VnooD",
          "checksum": "998312b30cf3d3eab596951c1cdb29a1"
        },
        {
          "type": "renderModule",
          "assetId": "vuyGu5v2HbHq2v",
          "checksum": "a89f7189847cebf90be799b7a634d6a1"
        },
        {
          "type": "cssRules",
          "assetId": "vuyGu5v2HbHq2v",
          "checksum": "a89f7189847cebf90be799b7a634d6a1"
        },
        {
          "type": "renderModule",
          "assetId": "i0rbI2fw5_5Rqp",
          "checksum": "a94eca1fb7f4aa82f5a85eb357dfe510"
        },
        {
          "type": "cssRules",
          "assetId": "i0rbI2fw5_5Rqp",
          "checksum": "a94eca1fb7f4aa82f5a85eb357dfe510"
        },
        {
          "type": "renderModule",
          "assetId": "FgE3zW1qUNYrNb",
          "checksum": "3c96b6bedce95015548e871dc3126e0f"
        },
        {
          "type": "cssRules",
          "assetId": "FgE3zW1qUNYrNb",
          "checksum": "3c96b6bedce95015548e871dc3126e0f"
        },
        {
          "type": "renderModule",
          "assetId": "4wsahiqcK13Kja",
          "checksum": "3fc263aafb421ada3cc9060c94d91c31"
        },
        {
          "type": "cssRules",
          "assetId": "4wsahiqcK13Kja",
          "checksum": "3fc263aafb421ada3cc9060c94d91c31"
        },
        {
          "type": "renderModule",
          "assetId": "fBmKM1xcoPYjsM",
          "checksum": "e12181702f7bf29425fa134fbe1cf06d"
        },
        {
          "type": "cssRules",
          "assetId": "fBmKM1xcoPYjsM",
          "checksum": "e12181702f7bf29425fa134fbe1cf06d"
        },
        {
          "type": "renderModule",
          "assetId": "dhGNAMj3iuoljn",
          "checksum": "31edfdedf66f8c3a08e7685b7c714ac6"
        },
        {
          "type": "cssRules",
          "assetId": "dhGNAMj3iuoljn",
          "checksum": "31edfdedf66f8c3a08e7685b7c714ac6"
        },
        {
          "type": "renderModule",
          "assetId": "jDVz__qBRpsrc_",
          "checksum": "d056c75cb973a1654525346c5b92bcc5"
        },
        {
          "type": "cssRules",
          "assetId": "jDVz__qBRpsrc_",
          "checksum": "d056c75cb973a1654525346c5b92bcc5"
        },
        {
          "type": "renderModule",
          "assetId": "5byNHbPk-_VgwY",
          "checksum": "b0856744340726f9c2f407cc90cb83c5"
        },
        {
          "type": "cssRules",
          "assetId": "5byNHbPk-_VgwY",
          "checksum": "b0856744340726f9c2f407cc90cb83c5"
        },
        {
          "type": "icon",
          "assetId": "dJ-8gbLjXOzDgC",
          "checksum": "7cbdafb2136179c19b8d79764cfbd497"
        },
        {
          "type": "icon",
          "assetId": "3UiztK8jOwvrXc",
          "checksum": "b1195b357f25bc113432f9d0ff2f98ea"
        },
        {
          "type": "icon",
          "assetId": "AcYHtrsZhF2cfc",
          "checksum": "39e2f7c538d46fc4d4d91e5b5ac01903"
        },
        {
          "type": "icon",
          "assetId": "NUBMWDrM4O8U63",
          "checksum": "fb112db9c2f23cdcc38dc64927053204"
        },
        {
          "type": "icon",
          "assetId": "7aJkgora_KypuK",
          "checksum": "60bb3fbe234f73ef5cde15cc55a01292"
        },
        {
          "type": "icon",
          "assetId": "58yUwtCmii-9Hi",
          "checksum": "534239cefc5e09628db622a1ce30308a"
        },
        {
          "type": "icon",
          "assetId": "05Izo_roWQHXJh",
          "checksum": "a3a94978aba2916e424f28d8427fe690"
        },
        {
          "type": "icon",
          "assetId": "5b4GqOFIjRtRXd",
          "checksum": "ba08b81f1f5002c4be4aa2fbb873b368"
        },
        {
          "type": "icon",
          "assetId": "ttaKKXtVfeq7K4",
          "checksum": "cdf20eb8fec5217dd5faccda8294120c"
        },
        {
          "type": "icon",
          "assetId": "jkIxSgiWqRDVZL",
          "checksum": "685fa50726956bb9bfb667e0bf6a1acf"
        },
        {
          "type": "icon",
          "assetId": "3Idz6e4qp2k3ai",
          "checksum": "03e6544ce14db7c523d3e4085ca075df"
        },
        {
          "type": "icon",
          "assetId": "gohulD3iaHAmdI",
          "checksum": "aab4f9e3f926fbd37d9eba21811046ff"
        },
        {
          "type": "icon",
          "assetId": "RGh-ST_Wa-vqZl",
          "checksum": "0e1a4492dc656127641962884f910af1"
        },
        {
          "type": "icon",
          "assetId": "nHXx0ZttC9woHa",
          "checksum": "06ddc26616ed5dddd0a9bda258a4e12b"
        },
        {
          "type": "icon",
          "assetId": "_diuNifbPhD1sZ",
          "checksum": "034b02cd7bee0543e42f41826944dd6c"
        },
        {
          "type": "icon",
          "assetId": "Y6sX0PJrCAJJTR",
          "checksum": "1506c0462b431c32194c12b31e927c8d"
        },
        {
          "type": "icon",
          "assetId": "LQPLLnkDjZCm2s",
          "checksum": "7a7b8a757268856d813b52035998e1a9"
        },
        {
          "type": "image",
          "assetId": "xTxAVmxx4w4vUM",
          "checksum": "0ecacbea816156a414df30c8911f6067"
        },
        {
          "type": "image",
          "assetId": "_7MlT1muImR8VX",
          "checksum": "4c8770b6e155a8ecb9de4f220e94e3ef"
        },
        {
          "type": "image",
          "assetId": "tsUEQKRxU0-3LX",
          "checksum": "41874b0a03254c3674c10b8d553ab544"
        },
        {
          "type": "image",
          "assetId": "Bg7jWlJe2ePQj4",
          "checksum": "23b72f9aeb789870e2df4c353c262181"
        },
        {
          "type": "image",
          "assetId": "7K0j9eb3t8c6Qj",
          "checksum": "b93557dc0ec31ec379254ba11e529225"
        },
        {
          "type": "image",
          "assetId": "M_uYbg3w7BYTHf",
          "checksum": "82c70265e7771263637b39e9a7f23368"
        },
        {
          "type": "image",
          "assetId": "wiz-37sCh0XwJn",
          "checksum": "80151ef0a0010fe559e6b4400f5cf80a"
        },
        {
          "type": "image",
          "assetId": "thGZXG-KHF0JBu",
          "checksum": "70da94f4a0677d0010ada8bf55bc4306"
        },
        {
          "type": "image",
          "assetId": "NOXE5YrfIW-QN4",
          "checksum": "72635267ac417b05ef0e844664a07321"
        },
        {
          "type": "image",
          "assetId": "8u7FAkCQLp_SKe",
          "checksum": "1512015e13b633811123603d30fdfd7e"
        },
        {
          "type": "image",
          "assetId": "ApW81ZxOzY1X8O",
          "checksum": "1027c14cf37d214e2ad6ff47f93c9ba1"
        },
        {
          "type": "image",
          "assetId": "BMSRhkRZdOLp5q",
          "checksum": "81174ab792b10f4740f86ffdcc090838"
        },
        {
          "type": "image",
          "assetId": "VsLNUvBKZNz-ih",
          "checksum": "c59c2e5941e83e9ebdf31a399794ca08"
        },
        {
          "type": "image",
          "assetId": "alDP7KksR_-esO",
          "checksum": "353e56cdc34a00f63e4e1e1f65c0f628"
        },
        {
          "type": "image",
          "assetId": "Io5GjlJa8EHgmt",
          "checksum": "e383a2aadcca26cb014dfbf3d20d2886"
        },
        {
          "type": "image",
          "assetId": "f7qTRh2L-gzUNH",
          "checksum": "fdc4f2da013d568779a962db0a7f0aec"
        },
        {
          "type": "image",
          "assetId": "pxZuS5Ni9Xbg66",
          "checksum": "d9053f01df13940061787fa13bc6a118"
        },
        {
          "type": "image",
          "assetId": "XQ7N9jcTnPjmih",
          "checksum": "0d29483e22ed2ef17cef463a14806db5"
        },
        {
          "type": "image",
          "assetId": "2KHl1Ysv6SFCOX",
          "checksum": "a2376d44e35138518fb26a8cfd9ec8f2"
        },
        {
          "type": "image",
          "assetId": "toTa4yKu5h53ii",
          "checksum": "e5d234f064ceb7bab02a941b0ccbaad4"
        }
      ],
      "codegenVersion": "0.0.1"
    }
  ],
  "cliVersion": "0.1.186"
}
