{
  "projects": [
    {
      "projectId": "i1R9JuZcEVnjtzkqUFoFHH",
      "version": "latest",
      "dependencies": {},
      "lang": "js",
      "fileLocks": [
        {
          "type": "globalVariant",
          "assetId": "-mcpPnd-YLKly8",
          "checksum": "cb5e904d129369175134cb18de33e52e"
        },
        {
          "type": "renderModule",
          "assetId": "nIoQ2wNPPkVmW",
          "checksum": "334c883ecfbbccec747da0f5cf6caf75"
        },
        {
          "type": "cssRules",
          "assetId": "nIoQ2wNPPkVmW",
          "checksum": "334c883ecfbbccec747da0f5cf6caf75"
        },
        {
          "type": "renderModule",
          "assetId": "2Nr5Rrft_Bo0Gx",
          "checksum": "09a60f2b4d74c635e98f022aafae6cfc"
        },
        {
          "type": "cssRules",
          "assetId": "2Nr5Rrft_Bo0Gx",
          "checksum": "09a60f2b4d74c635e98f022aafae6cfc"
        },
        {
          "type": "renderModule",
          "assetId": "VA6dWVSHWgl0Bj",
          "checksum": "bd4c4cb2f22219bfd1894f7f85361e8a"
        },
        {
          "type": "cssRules",
          "assetId": "VA6dWVSHWgl0Bj",
          "checksum": "bd4c4cb2f22219bfd1894f7f85361e8a"
        },
        {
          "type": "renderModule",
          "assetId": "uS1uLwuSb3ygBY",
          "checksum": "73a086af2d8a65d2d308750f72b93949"
        },
        {
          "type": "cssRules",
          "assetId": "uS1uLwuSb3ygBY",
          "checksum": "73a086af2d8a65d2d308750f72b93949"
        },
        {
          "type": "renderModule",
          "assetId": "P_arPT46Us9VtF",
          "checksum": "df9ea1a5bbd795a49228cd0c1e110463"
        },
        {
          "type": "cssRules",
          "assetId": "P_arPT46Us9VtF",
          "checksum": "df9ea1a5bbd795a49228cd0c1e110463"
        },
        {
          "type": "renderModule",
          "assetId": "VgmxWXQKoqVq_F",
          "checksum": "8c42463ef8a2f92c1791e3cbaba96b68"
        },
        {
          "type": "cssRules",
          "assetId": "VgmxWXQKoqVq_F",
          "checksum": "8c42463ef8a2f92c1791e3cbaba96b68"
        },
        {
          "type": "renderModule",
          "assetId": "VP6O7ilIkb2hnk",
          "checksum": "6d059d10765ba3e4043c49d68dc16b05"
        },
        {
          "type": "cssRules",
          "assetId": "VP6O7ilIkb2hnk",
          "checksum": "6d059d10765ba3e4043c49d68dc16b05"
        },
        {
          "type": "renderModule",
          "assetId": "zGpkCZIp5VnooD",
          "checksum": "998312b30cf3d3eab596951c1cdb29a1"
        },
        {
          "type": "cssRules",
          "assetId": "zGpkCZIp5VnooD",
          "checksum": "998312b30cf3d3eab596951c1cdb29a1"
        },
        {
          "type": "renderModule",
          "assetId": "vuyGu5v2HbHq2v",
          "checksum": "731e8c4d34315bacb802b36a69761d13"
        },
        {
          "type": "cssRules",
          "assetId": "vuyGu5v2HbHq2v",
          "checksum": "731e8c4d34315bacb802b36a69761d13"
        },
        {
          "type": "renderModule",
          "assetId": "i0rbI2fw5_5Rqp",
          "checksum": "a8975c6e8e819c10170c7cb4855e349f"
        },
        {
          "type": "cssRules",
          "assetId": "i0rbI2fw5_5Rqp",
          "checksum": "a8975c6e8e819c10170c7cb4855e349f"
        },
        {
          "type": "renderModule",
          "assetId": "FgE3zW1qUNYrNb",
          "checksum": "6f3b847db22778f6acbdf778180f3059"
        },
        {
          "type": "cssRules",
          "assetId": "FgE3zW1qUNYrNb",
          "checksum": "6f3b847db22778f6acbdf778180f3059"
        },
        {
          "type": "renderModule",
          "assetId": "4wsahiqcK13Kja",
          "checksum": "3fc263aafb421ada3cc9060c94d91c31"
        },
        {
          "type": "cssRules",
          "assetId": "4wsahiqcK13Kja",
          "checksum": "3fc263aafb421ada3cc9060c94d91c31"
        },
        {
          "type": "renderModule",
          "assetId": "fBmKM1xcoPYjsM",
          "checksum": "e12181702f7bf29425fa134fbe1cf06d"
        },
        {
          "type": "cssRules",
          "assetId": "fBmKM1xcoPYjsM",
          "checksum": "e12181702f7bf29425fa134fbe1cf06d"
        },
        {
          "type": "renderModule",
          "assetId": "dhGNAMj3iuoljn",
          "checksum": "31edfdedf66f8c3a08e7685b7c714ac6"
        },
        {
          "type": "cssRules",
          "assetId": "dhGNAMj3iuoljn",
          "checksum": "31edfdedf66f8c3a08e7685b7c714ac6"
        },
        {
          "type": "renderModule",
          "assetId": "jDVz__qBRpsrc_",
          "checksum": "d056c75cb973a1654525346c5b92bcc5"
        },
        {
          "type": "cssRules",
          "assetId": "jDVz__qBRpsrc_",
          "checksum": "d056c75cb973a1654525346c5b92bcc5"
        },
        {
          "type": "renderModule",
          "assetId": "5byNHbPk-_VgwY",
          "checksum": "b0856744340726f9c2f407cc90cb83c5"
        },
        {
          "type": "cssRules",
          "assetId": "5byNHbPk-_VgwY",
          "checksum": "b0856744340726f9c2f407cc90cb83c5"
        },
        {
          "type": "icon",
          "assetId": "dJ-8gbLjXOzDgC",
          "checksum": "7cbdafb2136179c19b8d79764cfbd497"
        },
        {
          "type": "icon",
          "assetId": "3UiztK8jOwvrXc",
          "checksum": "b1195b357f25bc113432f9d0ff2f98ea"
        },
        {
          "type": "icon",
          "assetId": "AcYHtrsZhF2cfc",
          "checksum": "39e2f7c538d46fc4d4d91e5b5ac01903"
        },
        {
          "type": "icon",
          "assetId": "NUBMWDrM4O8U63",
          "checksum": "fb112db9c2f23cdcc38dc64927053204"
        },
        {
          "type": "icon",
          "assetId": "7aJkgora_KypuK",
          "checksum": "60bb3fbe234f73ef5cde15cc55a01292"
        },
        {
          "type": "icon",
          "assetId": "58yUwtCmii-9Hi",
          "checksum": "534239cefc5e09628db622a1ce30308a"
        },
        {
          "type": "icon",
          "assetId": "05Izo_roWQHXJh",
          "checksum": "a3a94978aba2916e424f28d8427fe690"
        },
        {
          "type": "icon",
          "assetId": "5b4GqOFIjRtRXd",
          "checksum": "ba08b81f1f5002c4be4aa2fbb873b368"
        },
        {
          "type": "icon",
          "assetId": "ttaKKXtVfeq7K4",
          "checksum": "cdf20eb8fec5217dd5faccda8294120c"
        },
        {
          "type": "icon",
          "assetId": "jkIxSgiWqRDVZL",
          "checksum": "685fa50726956bb9bfb667e0bf6a1acf"
        },
        {
          "type": "icon",
          "assetId": "3Idz6e4qp2k3ai",
          "checksum": "03e6544ce14db7c523d3e4085ca075df"
        },
        {
          "type": "icon",
          "assetId": "gohulD3iaHAmdI",
          "checksum": "aab4f9e3f926fbd37d9eba21811046ff"
        },
        {
          "type": "icon",
          "assetId": "RGh-ST_Wa-vqZl",
          "checksum": "0e1a4492dc656127641962884f910af1"
        },
        {
          "type": "icon",
          "assetId": "nHXx0ZttC9woHa",
          "checksum": "06ddc26616ed5dddd0a9bda258a4e12b"
        },
        {
          "type": "icon",
          "assetId": "_diuNifbPhD1sZ",
          "checksum": "034b02cd7bee0543e42f41826944dd6c"
        },
        {
          "type": "icon",
          "assetId": "Y6sX0PJrCAJJTR",
          "checksum": "1506c0462b431c32194c12b31e927c8d"
        },
        {
          "type": "icon",
          "assetId": "LQPLLnkDjZCm2s",
          "checksum": "7a7b8a757268856d813b52035998e1a9"
        },
        {
          "type": "image",
          "assetId": "xTxAVmxx4w4vUM",
          "checksum": "0ecacbea816156a414df30c8911f6067"
        },
        {
          "type": "image",
          "assetId": "_7MlT1muImR8VX",
          "checksum": "4c8770b6e155a8ecb9de4f220e94e3ef"
        },
        {
          "type": "image",
          "assetId": "tsUEQKRxU0-3LX",
          "checksum": "41874b0a03254c3674c10b8d553ab544"
        },
        {
          "type": "image",
          "assetId": "Bg7jWlJe2ePQj4",
          "checksum": "23b72f9aeb789870e2df4c353c262181"
        },
        {
          "type": "image",
          "assetId": "7K0j9eb3t8c6Qj",
          "checksum": "b93557dc0ec31ec379254ba11e529225"
        },
        {
          "type": "image",
          "assetId": "M_uYbg3w7BYTHf",
          "checksum": "82c70265e7771263637b39e9a7f23368"
        },
        {
          "type": "image",
          "assetId": "wiz-37sCh0XwJn",
          "checksum": "80151ef0a0010fe559e6b4400f5cf80a"
        },
        {
          "type": "image",
          "assetId": "thGZXG-KHF0JBu",
          "checksum": "70da94f4a0677d0010ada8bf55bc4306"
        },
        {
          "type": "image",
          "assetId": "NOXE5YrfIW-QN4",
          "checksum": "72635267ac417b05ef0e844664a07321"
        },
        {
          "type": "image",
          "assetId": "8u7FAkCQLp_SKe",
          "checksum": "1512015e13b633811123603d30fdfd7e"
        },
        {
          "type": "image",
          "assetId": "ApW81ZxOzY1X8O",
          "checksum": "1027c14cf37d214e2ad6ff47f93c9ba1"
        },
        {
          "type": "image",
          "assetId": "BMSRhkRZdOLp5q",
          "checksum": "81174ab792b10f4740f86ffdcc090838"
        },
        {
          "type": "image",
          "assetId": "VsLNUvBKZNz-ih",
          "checksum": "c59c2e5941e83e9ebdf31a399794ca08"
        },
        {
          "type": "image",
          "assetId": "alDP7KksR_-esO",
          "checksum": "353e56cdc34a00f63e4e1e1f65c0f628"
        },
        {
          "type": "image",
          "assetId": "Io5GjlJa8EHgmt",
          "checksum": "e383a2aadcca26cb014dfbf3d20d2886"
        },
        {
          "type": "image",
          "assetId": "f7qTRh2L-gzUNH",
          "checksum": "fdc4f2da013d568779a962db0a7f0aec"
        },
        {
          "type": "image",
          "assetId": "pxZuS5Ni9Xbg66",
          "checksum": "d9053f01df13940061787fa13bc6a118"
        },
        {
          "type": "image",
          "assetId": "XQ7N9jcTnPjmih",
          "checksum": "0d29483e22ed2ef17cef463a14806db5"
        },
        {
          "type": "image",
          "assetId": "2KHl1Ysv6SFCOX",
          "checksum": "a2376d44e35138518fb26a8cfd9ec8f2"
        },
        {
          "type": "image",
          "assetId": "toTa4yKu5h53ii",
          "checksum": "e5d234f064ceb7bab02a941b0ccbaad4"
        },
        {
          "assetId": "i1R9JuZcEVnjtzkqUFoFHH",
          "type": "projectCss",
          "checksum": "bc13c4e4c302fededacd262f2daa0d29"
        }
      ],
      "codegenVersion": "0.0.1"
    },
    {
      "projectId": "3x4s7P8yWmfzeCC9Kkgod5",
      "version": "latest",
      "dependencies": {},
      "lang": "js",
      "fileLocks": [
        {
          "type": "globalVariant",
          "assetId": "fj_HrDbfqgibjX",
          "checksum": "85afa0b9c51796964811e450b53ec005"
        },
        {
          "assetId": "3x4s7P8yWmfzeCC9Kkgod5",
          "type": "projectCss",
          "checksum": "a9f8bbccf12433b36509d2ad773aaecc"
        },
        {
          "type": "renderModule",
          "assetId": "BTcsigXP038P0",
          "checksum": "f024f46bffe9db98c499a34402f2038c"
        },
        {
          "type": "cssRules",
          "assetId": "BTcsigXP038P0",
          "checksum": "f024f46bffe9db98c499a34402f2038c"
        },
        {
          "type": "renderModule",
          "assetId": "jD-ij6xvvvU54",
          "checksum": "a83448ed324c05d824b302c1b235b399"
        },
        {
          "type": "cssRules",
          "assetId": "jD-ij6xvvvU54",
          "checksum": "a83448ed324c05d824b302c1b235b399"
        },
        {
          "type": "renderModule",
          "assetId": "pf_THH6dZ52jv",
          "checksum": "129d68d9caa549515dcfeaf23ff20208"
        },
        {
          "type": "cssRules",
          "assetId": "pf_THH6dZ52jv",
          "checksum": "129d68d9caa549515dcfeaf23ff20208"
        },
        {
          "type": "renderModule",
          "assetId": "kGeIlWdAFyx5f",
          "checksum": "594aab78861e389a9274edf8eea5f60e"
        },
        {
          "type": "cssRules",
          "assetId": "kGeIlWdAFyx5f",
          "checksum": "594aab78861e389a9274edf8eea5f60e"
        },
        {
          "type": "renderModule",
          "assetId": "6VHAP6clfrxQI_",
          "checksum": "47bcde1a0970d5e2b5cca64d27534a69"
        },
        {
          "type": "cssRules",
          "assetId": "6VHAP6clfrxQI_",
          "checksum": "47bcde1a0970d5e2b5cca64d27534a69"
        },
        {
          "type": "renderModule",
          "assetId": "r6Ew0aWs1pwLGl",
          "checksum": "b48745e559183bef818f660b4548f1e4"
        },
        {
          "type": "cssRules",
          "assetId": "r6Ew0aWs1pwLGl",
          "checksum": "b48745e559183bef818f660b4548f1e4"
        },
        {
          "type": "renderModule",
          "assetId": "0E4H5OYgwAESaW",
          "checksum": "f2b9fdea9eb1dd37a058cf5a1b5f59a8"
        },
        {
          "type": "cssRules",
          "assetId": "0E4H5OYgwAESaW",
          "checksum": "f2b9fdea9eb1dd37a058cf5a1b5f59a8"
        },
        {
          "type": "renderModule",
          "assetId": "reeIT8h8pGc4bh",
          "checksum": "e4f31d4779ac87f28c6e0bf8c44d4267"
        },
        {
          "type": "cssRules",
          "assetId": "reeIT8h8pGc4bh",
          "checksum": "e4f31d4779ac87f28c6e0bf8c44d4267"
        },
        {
          "type": "renderModule",
          "assetId": "rT24NJmUwG-Onr",
          "checksum": "ab318e3c9a7ea908ea1abf8262748b2c"
        },
        {
          "type": "cssRules",
          "assetId": "rT24NJmUwG-Onr",
          "checksum": "ab318e3c9a7ea908ea1abf8262748b2c"
        },
        {
          "type": "renderModule",
          "assetId": "T-Odw-VKLeNbYf",
          "checksum": "b8650907033e557a50d2da490af3f027"
        },
        {
          "type": "cssRules",
          "assetId": "T-Odw-VKLeNbYf",
          "checksum": "b8650907033e557a50d2da490af3f027"
        },
        {
          "type": "renderModule",
          "assetId": "Nhk3oZa1CKg3O9",
          "checksum": "34a29f383cc25d16cb58ac0fe0d57e1e"
        },
        {
          "type": "cssRules",
          "assetId": "Nhk3oZa1CKg3O9",
          "checksum": "34a29f383cc25d16cb58ac0fe0d57e1e"
        },
        {
          "type": "icon",
          "assetId": "AjSL2MhXkoGkaT",
          "checksum": "19e7b8883d7c79514ad3254b41630c00"
        },
        {
          "type": "icon",
          "assetId": "_Q9o6SE1iFY9rd",
          "checksum": "556053a07097606867dc2f1031f3128a"
        },
        {
          "type": "icon",
          "assetId": "H1Me68mbGbVipn",
          "checksum": "c08d795a66a8a72cbab815493317e473"
        },
        {
          "type": "icon",
          "assetId": "Ua9NSCxODxLTQP",
          "checksum": "2a01184dfbc92288f16e0fe82da40150"
        },
        {
          "type": "icon",
          "assetId": "A3r4T3PVPNnody",
          "checksum": "d8d74503988cad5b6cdf0c1024513d4f"
        },
        {
          "type": "icon",
          "assetId": "kxGWu9wvzRbugo",
          "checksum": "c88fadea89827e94325393542f0e72f3"
        },
        {
          "type": "icon",
          "assetId": "cXSIRsm6n1oZMl",
          "checksum": "9ee2d34b707b6acf27bd87236a18d58c"
        },
        {
          "type": "icon",
          "assetId": "1wr1k3ndrk9mlc",
          "checksum": "96908e28cced50f53d479b05fc52c483"
        },
        {
          "type": "icon",
          "assetId": "SsvBgcnRE4MXSC",
          "checksum": "7d3273e6d29f218e1f9bede061e155d6"
        },
        {
          "type": "image",
          "assetId": "UcLyqeElRf_1q1",
          "checksum": "b867a272f54062c643978fa97fa227d3"
        },
        {
          "type": "image",
          "assetId": "IfuV3jvzSFdjP9",
          "checksum": "cea82a097e6fbf924f0d5562a6e3b38a"
        },
        {
          "type": "image",
          "assetId": "j0ppmWt1WipDAM",
          "checksum": "ac8de113973e7c7d77b6e23a4a244273"
        },
        {
          "type": "image",
          "assetId": "TGyfHkpDQtOHQ5",
          "checksum": "d881cd94a088cd0a073e7fa67da188f4"
        },
        {
          "type": "image",
          "assetId": "0-8K4S8M8AN9Fy",
          "checksum": "de224cacd40f4fc6d82351f41d91b2cf"
        },
        {
          "type": "image",
          "assetId": "3UgywH2KCWGp9S",
          "checksum": "35e0844ba753fec83a1976ee359965fb"
        },
        {
          "type": "image",
          "assetId": "hjxHWsOQp725V-",
          "checksum": "5d9487bb374f11744d91965d6df8448e"
        },
        {
          "type": "image",
          "assetId": "NvkRh-32ZMZ1Gk",
          "checksum": "043db5080a378687cc8bee4d3a91d158"
        },
        {
          "type": "image",
          "assetId": "dneWBcLS2vZY3X",
          "checksum": "83df79b7c10e08993140ac81ae1461fb"
        },
        {
          "type": "image",
          "assetId": "yj6sYUs1MZ2Fy5",
          "checksum": "618ec2670d42596a2714265337b5099d"
        },
        {
          "type": "image",
          "assetId": "I8KMO0PS5gGYfh",
          "checksum": "dd5db2f166a15eea43f10c71edec7972"
        },
        {
          "type": "image",
          "assetId": "hWYaQAtZtY5-Rz",
          "checksum": "28a2d872a81077de733c20fabd6d1aeb"
        },
        {
          "type": "image",
          "assetId": "ifKuO1igkyaiK5",
          "checksum": "6d456a5e7bdd5baf68f30be99dfc815e"
        },
        {
          "type": "image",
          "assetId": "kcQRbTOAZW-NfL",
          "checksum": "4e1f1496352d41000c6521d0b87c704b"
        },
        {
          "type": "image",
          "assetId": "V7iFRVH7-mcspg",
          "checksum": "4ef545679419b5ad39f714bb57ec997e"
        },
        {
          "type": "image",
          "assetId": "VN7zLzvdW9fIvD",
          "checksum": "dac17e693cf46f90ff15648dda5d6e09"
        },
        {
          "type": "image",
          "assetId": "fx85HK84O-wGFh",
          "checksum": "4aaf41cd6e423f1217a9d79591f47108"
        },
        {
          "type": "image",
          "assetId": "st7r3MuhzuTdlB",
          "checksum": "6e462662f07bd3c97e5172daeecfe38a"
        },
        {
          "type": "image",
          "assetId": "euCMJJP-lB84Vp",
          "checksum": "8d627663ac76e0a259691eb764e7856e"
        },
        {
          "type": "image",
          "assetId": "7pdwZlZARZoo6p",
          "checksum": "7e4039cafe056193e7ec66b64e0c2a71"
        },
        {
          "type": "image",
          "assetId": "AeaKYrwpxMO59K",
          "checksum": "b821528da52ce29dc35982d41b98068a"
        },
        {
          "type": "image",
          "assetId": "ORyRtrFXRzQOUZ",
          "checksum": "e0aecb5161094097156c47bc8e7390f5"
        },
        {
          "type": "image",
          "assetId": "zWWxnT7TGUUtaF",
          "checksum": "12f2ad76ca25e7caaa47a0e716fc5f39"
        },
        {
          "type": "image",
          "assetId": "TDIRfrwWBO2KCD",
          "checksum": "af5ed63382646b7b76d184b092a2d69a"
        },
        {
          "type": "image",
          "assetId": "N2WzMBp_Zpjblt",
          "checksum": "a62833230d0f28b4413fc91994657f00"
        },
        {
          "type": "image",
          "assetId": "p8fcHbu5wNQ1YP",
          "checksum": "2f7151fb77fcf4102ce58a1bdca165d4"
        },
        {
          "type": "image",
          "assetId": "rd5cgw8Sa8Fhy0",
          "checksum": "33e5eda19401a11d7bb60e8f342a9976"
        },
        {
          "type": "image",
          "assetId": "IxGxafRKv3Jm6p",
          "checksum": "a523b965d70f2eb7fc49c022b8034e4f"
        },
        {
          "type": "image",
          "assetId": "yR-YiroWgIxX-U",
          "checksum": "f49a95d0b911353c10449411a0151f83"
        },
        {
          "type": "image",
          "assetId": "4OWq-qZf2MEhQK",
          "checksum": "b98126437efe6318766f025bdf2ceefc"
        },
        {
          "type": "image",
          "assetId": "Q5OrU8n3jN3FtF",
          "checksum": "7e69474ef55d6a152347f6683953494c"
        },
        {
          "type": "image",
          "assetId": "BRXZ_-XxUQZmK2",
          "checksum": "05b61b66de0592ecce1614381f73e675"
        },
        {
          "type": "image",
          "assetId": "rjmntfftU-1CPv",
          "checksum": "b01a6f65ce3eda1125d15f59dbdb96e6"
        },
        {
          "type": "image",
          "assetId": "ldzw9-jaOq4BgM",
          "checksum": "33a481ad5c789a6f5a6a3e2389b26bd4"
        },
        {
          "type": "image",
          "assetId": "jYG1jl07xTRg8y",
          "checksum": "9bc05806225d682fc3e297b441a420ab"
        },
        {
          "type": "image",
          "assetId": "JMgo6evRiIR3RV",
          "checksum": "e95a5a05afe882ce7d50dabcc27fb071"
        },
        {
          "type": "image",
          "assetId": "wWQL-0HQfsCSm4",
          "checksum": "ceeff3d8b341a83420f87163db312fa2"
        }
      ],
      "codegenVersion": "0.0.1"
    }
  ],
  "cliVersion": "0.1.186"
}
